PODS:
  - BinartSwiftCaptchaInput (0.1.0):
    - BinartSwiftCaptchaInput/Core (= 0.1.0)
  - BinartSwiftCaptchaInput/Core (0.1.0)
  - BinartSwiftCaptchaInput/RxSwift (0.1.0):
    - BinartSwiftCaptchaInput/Core
    - RxCocoa
    - RxSwift
  - FBSnapshotTestCase (2.1.4):
    - FBSnapshotTestCase/SwiftSupport (= 2.1.4)
  - FBSnapshotTestCase/Core (2.1.4)
  - FBSnapshotTestCase/SwiftSupport (2.1.4):
    - FBSnapshotTestCase/Core
  - Nimble (7.3.4)
  - Nimble-Snapshots (6.3.0):
    - Nimble-Snapshots/Core (= 6.3.0)
  - Nimble-Snapshots/Core (6.3.0):
    - FBSnapshotTestCase (~> 2.0)
    - Nimble (~> 7.0)
  - Quick (1.2.0)
  - RxCocoa (5.1.1):
    - RxRelay (~> 5)
    - RxSwift (~> 5)
  - RxRelay (5.1.1):
    - RxSwift (~> 5)
  - RxSwift (5.1.1)

DEPENDENCIES:
  - BinartSwiftCaptchaInput (from `../`)
  - BinartSwiftCaptchaInput/RxSwift (from `../`)
  - FBSnapshotTestCase (~> 2.1.4)
  - Nimble (~> 7.0)
  - Nimble-Snapshots (~> 6.3.0)
  - Quick (~> 1.2.0)

SPEC REPOS:
  trunk:
    - FBSnapshotTestCase
    - Nimble
    - Nimble-Snapshots
    - Quick
    - RxCocoa
    - RxRelay
    - RxSwift

EXTERNAL SOURCES:
  BinartSwiftCaptchaInput:
    :path: "../"

SPEC CHECKSUMS:
  BinartSwiftCaptchaInput: 91f68c2b4a60ba82aa7c2adc3d572404dcf21864
  FBSnapshotTestCase: 094f9f314decbabe373b87cc339bea235a63e07a
  Nimble: 051e3d8912d40138fa5591c78594f95fb172af37
  Nimble-Snapshots: f5459b5b091678dc942d03ec4741cacb58ba4a52
  Quick: 58d203b1c5e27fff7229c4c1ae445ad7069a7a08
  RxCocoa: 32065309a38d29b5b0db858819b5bf9ef038b601
  RxRelay: d77f7d771495f43c556cbc43eebd1bb54d01e8e9
  RxSwift: 81470a2074fa8780320ea5fe4102807cb7118178

PODFILE CHECKSUM: e5535ccab291c7357d94bc36fbb4045e2d9783e2

COCOAPODS: 1.8.4
